
Microsoft Visual Studio Solution File, Format Version 12.00
# Visual Studio Version 17
VisualStudioVersion = 17.7.34024.191
MinimumVisualStudioVersion = 10.0.40219.1
Project("{FAE04EC0-301F-11D3-BF4B-00C04F79EFBC}") = "Temperature_Converter", "Temperature_Converter\Temperature_Converter.csproj", "{4979A91A-9250-462C-AFE0-7B29DACB9B5D}"
EndProject
Global
	GlobalSection(SolutionConfigurationPlatforms) = preSolution
		Debug|Any CPU = Debug|Any CPU
		Release|Any CPU = Release|Any CPU
	EndGlobalSection
	GlobalSection(ProjectConfigurationPlatforms) = postSolution
		{4979A91A-9250-462C-AFE0-7B29DACB9B5D}.Debug|Any CPU.ActiveCfg = Debug|Any CPU
		{4979A91A-9250-462C-AFE0-7B29DACB9B5D}.Debug|Any CPU.Build.0 = Debug|Any CPU
		{4979A91A-9250-462C-AFE0-7B29DACB9B5D}.Release|Any CPU.ActiveCfg = Release|Any CPU
		{4979A91A-9250-462C-AFE0-7B29DACB9B5D}.Release|Any CPU.Build.0 = Release|Any CPU
	EndGlobalSection
	GlobalSection(SolutionProperties) = preSolution
		HideSolutionNode = FALSE
	EndGlobalSection
	GlobalSection(ExtensibilityGlobals) = postSolution
		SolutionGuid = {C4A10DFE-D895-4F7C-B7A9-26BA745EC148}
	EndGlobalSection
EndGlobal
